// !$*UTF8*$!
{
	archiveVersion = 1;
	classes = {
	};
	objectVersion = 55;
	objects = {

/* Begin PBXBuildFile section */
		C53D546428D3495F003E188B /* FirebaseAuth in Frameworks */ = {isa = PBXBuildFile; productRef = C53D546328D3495F003E188B /* FirebaseAuth */; };
		C53D546628D3495F003E188B /* FirebaseFirestore in Frameworks */ = {isa = PBXBuildFile; productRef = C53D546528D3495F003E188B /* FirebaseFirestore */; };
		C53D546828D349DC003E188B /* GoogleService-Info.plist in Resources */ = {isa = PBXBuildFile; fileRef = C53D546728D349DC003E188B /* GoogleService-Info.plist */; };
		C53D546E28D34FD8003E188B /* MainView.swift in Sources */ = {isa = PBXBuildFile; fileRef = C53D546D28D34FD8003E188B /* MainView.swift */; };
		C53D547028D3506E003E188B /* RegistrationDetails.swift in Sources */ = {isa = PBXBuildFile; fileRef = C53D546F28D3506E003E188B /* RegistrationDetails.swift */; };
		C53D547728D35BAD003E188B /* FirebaseDatabase in Frameworks */ = {isa = PBXBuildFile; productRef = C53D547628D35BAD003E188B /* FirebaseDatabase */; };
		C53D547928D37A20003E188B /* FirstHome.swift in Sources */ = {isa = PBXBuildFile; fileRef = C53D547828D37A20003E188B /* FirstHome.swift */; };
		C58F56F028D4948300D41614 /* CustomTabBar.swift in Sources */ = {isa = PBXBuildFile; fileRef = C58F56EF28D4948300D41614 /* CustomTabBar.swift */; };
		C58F56F228D4AAFD00D41614 /* MyTravellings.swift in Sources */ = {isa = PBXBuildFile; fileRef = C58F56F128D4AAFD00D41614 /* MyTravellings.swift */; };
		C58F56F528D7587700D41614 /* ReservationDetails.xcdatamodeld in Sources */ = {isa = PBXBuildFile; fileRef = C58F56F328D7587600D41614 /* ReservationDetails.xcdatamodeld */; };
		C58F56F728D7590300D41614 /* DateController.swift in Sources */ = {isa = PBXBuildFile; fileRef = C58F56F628D7590300D41614 /* DateController.swift */; };
		C58F56F928D763D900D41614 /* CheckOutView.swift in Sources */ = {isa = PBXBuildFile; fileRef = C58F56F828D763D900D41614 /* CheckOutView.swift */; };
		C58F56FB28D793CC00D41614 /* MapAndDetailView.swift in Sources */ = {isa = PBXBuildFile; fileRef = C58F56FA28D793CC00D41614 /* MapAndDetailView.swift */; };
		C58F56FE28D7AFB000D41614 /* MapModel.swift in Sources */ = {isa = PBXBuildFile; fileRef = C58F56FD28D7AFB000D41614 /* MapModel.swift */; };
		C58F570028D7D38300D41614 /* GraphView.swift in Sources */ = {isa = PBXBuildFile; fileRef = C58F56FF28D7D38300D41614 /* GraphView.swift */; };
		C5DBC53E28D0C80A00364F3E /* TrainTrackerApp.swift in Sources */ = {isa = PBXBuildFile; fileRef = C5DBC53D28D0C80A00364F3E /* TrainTrackerApp.swift */; };
		C5DBC54028D0C80A00364F3E /* ContentView.swift in Sources */ = {isa = PBXBuildFile; fileRef = C5DBC53F28D0C80A00364F3E /* ContentView.swift */; };
		C5DBC54228D0C80B00364F3E /* Assets.xcassets in Resources */ = {isa = PBXBuildFile; fileRef = C5DBC54128D0C80B00364F3E /* Assets.xcassets */; };
		C5DBC54528D0C80B00364F3E /* Preview Assets.xcassets in Resources */ = {isa = PBXBuildFile; fileRef = C5DBC54428D0C80B00364F3E /* Preview Assets.xcassets */; };
		C5DBC54C28D0CC0800364F3E /* Color-Theme.swift in Sources */ = {isa = PBXBuildFile; fileRef = C5DBC54B28D0CC0800364F3E /* Color-Theme.swift */; };
		C5DBC54E28D0E0F900364F3E /* RegisterView.swift in Sources */ = {isa = PBXBuildFile; fileRef = C5DBC54D28D0E0F900364F3E /* RegisterView.swift */; };
/* End PBXBuildFile section */

/* Begin PBXFileReference section */
		C53D546728D349DC003E188B /* GoogleService-Info.plist */ = {isa = PBXFileReference; fileEncoding = 4; lastKnownFileType = text.plist.xml; path = "GoogleService-Info.plist"; sourceTree = "<group>"; };
		C53D546D28D34FD8003E188B /* MainView.swift */ = {isa = PBXFileReference; lastKnownFileType = sourcecode.swift; path = MainView.swift; sourceTree = "<group>"; };
		C53D546F28D3506E003E188B /* RegistrationDetails.swift */ = {isa = PBXFileReference; lastKnownFileType = sourcecode.swift; path = RegistrationDetails.swift; sourceTree = "<group>"; };
		C53D547828D37A20003E188B /* FirstHome.swift */ = {isa = PBXFileReference; lastKnownFileType = sourcecode.swift; path = FirstHome.swift; sourceTree = "<group>"; };
		C58F56EF28D4948300D41614 /* CustomTabBar.swift */ = {isa = PBXFileReference; lastKnownFileType = sourcecode.swift; path = CustomTabBar.swift; sourceTree = "<group>"; };
		C58F56F128D4AAFD00D41614 /* MyTravellings.swift */ = {isa = PBXFileReference; lastKnownFileType = sourcecode.swift; path = MyTravellings.swift; sourceTree = "<group>"; };
		C58F56F428D7587700D41614 /* ReservationDetails.xcdatamodel */ = {isa = PBXFileReference; lastKnownFileType = wrapper.xcdatamodel; path = ReservationDetails.xcdatamodel; sourceTree = "<group>"; };
		C58F56F628D7590300D41614 /* DateController.swift */ = {isa = PBXFileReference; lastKnownFileType = sourcecode.swift; path = DateController.swift; sourceTree = "<group>"; };
		C58F56F828D763D900D41614 /* CheckOutView.swift */ = {isa = PBXFileReference; lastKnownFileType = sourcecode.swift; path = CheckOutView.swift; sourceTree = "<group>"; };
		C58F56FA28D793CC00D41614 /* MapAndDetailView.swift */ = {isa = PBXFileReference; lastKnownFileType = sourcecode.swift; path = MapAndDetailView.swift; sourceTree = "<group>"; };
		C58F56FC28D7AF5700D41614 /* Info.plist */ = {isa = PBXFileReference; lastKnownFileType = text.plist; path = Info.plist; sourceTree = "<group>"; };
		C58F56FD28D7AFB000D41614 /* MapModel.swift */ = {isa = PBXFileReference; lastKnownFileType = sourcecode.swift; path = MapModel.swift; sourceTree = "<group>"; };
		C58F56FF28D7D38300D41614 /* GraphView.swift */ = {isa = PBXFileReference; lastKnownFileType = sourcecode.swift; path = GraphView.swift; sourceTree = "<group>"; };
		C5DBC53A28D0C80A00364F3E /* TrainTracker.app */ = {isa = PBXFileReference; explicitFileType = wrapper.application; includeInIndex = 0; path = TrainTracker.app; sourceTree = BUILT_PRODUCTS_DIR; };
		C5DBC53D28D0C80A00364F3E /* TrainTrackerApp.swift */ = {isa = PBXFileReference; lastKnownFileType = sourcecode.swift; path = TrainTrackerApp.swift; sourceTree = "<group>"; };
		C5DBC53F28D0C80A00364F3E /* ContentView.swift */ = {isa = PBXFileReference; lastKnownFileType = sourcecode.swift; path = ContentView.swift; sourceTree = "<group>"; };
		C5DBC54128D0C80B00364F3E /* Assets.xcassets */ = {isa = PBXFileReference; lastKnownFileType = folder.assetcatalog; path = Assets.xcassets; sourceTree = "<group>"; };
		C5DBC54428D0C80B00364F3E /* Preview Assets.xcassets */ = {isa = PBXFileReference; lastKnownFileType = folder.assetcatalog; path = "Preview Assets.xcassets"; sourceTree = "<group>"; };
		C5DBC54B28D0CC0800364F3E /* Color-Theme.swift */ = {isa = PBXFileReference; lastKnownFileType = sourcecode.swift; path = "Color-Theme.swift"; sourceTree = "<group>"; };
		C5DBC54D28D0E0F900364F3E /* RegisterView.swift */ = {isa = PBXFileReference; lastKnownFileType = sourcecode.swift; path = RegisterView.swift; sourceTree = "<group>"; };
/* End PBXFileReference section */

/* Begin PBXFrameworksBuildPhase section */
		C5DBC53728D0C80A00364F3E /* Frameworks */ = {
			isa = PBXFrameworksBuildPhase;
			buildActionMask = 2147483647;
			files = (
				C53D547728D35BAD003E188B /* FirebaseDatabase in Frameworks */,
				C53D546428D3495F003E188B /* FirebaseAuth in Frameworks */,
				C53D546628D3495F003E188B /* FirebaseFirestore in Frameworks */,
			);
			runOnlyForDeploymentPostprocessing = 0;
		};
/* End PBXFrameworksBuildPhase section */

/* Begin PBXGroup section */
		C5DBC53128D0C80A00364F3E = {
			isa = PBXGroup;
			children = (
				C5DBC53C28D0C80A00364F3E /* TrainTracker */,
				C5DBC53B28D0C80A00364F3E /* Products */,
			);
			sourceTree = "<group>";
		};
		C5DBC53B28D0C80A00364F3E /* Products */ = {
			isa = PBXGroup;
			children = (
				C5DBC53A28D0C80A00364F3E /* TrainTracker.app */,
			);
			name = Products;
			sourceTree = "<group>";
		};
		C5DBC53C28D0C80A00364F3E /* TrainTracker */ = {
			isa = PBXGroup;
			children = (
				C58F56FC28D7AF5700D41614 /* Info.plist */,
				C5DBC53D28D0C80A00364F3E /* TrainTrackerApp.swift */,
				C5DBC53F28D0C80A00364F3E /* ContentView.swift */,
				C53D546D28D34FD8003E188B /* MainView.swift */,
				C58F56FF28D7D38300D41614 /* GraphView.swift */,
				C58F56F828D763D900D41614 /* CheckOutView.swift */,
				C58F56FD28D7AFB000D41614 /* MapModel.swift */,
				C58F56F628D7590300D41614 /* DateController.swift */,
				C58F56F328D7587600D41614 /* ReservationDetails.xcdatamodeld */,
				C58F56F128D4AAFD00D41614 /* MyTravellings.swift */,
				C58F56FA28D793CC00D41614 /* MapAndDetailView.swift */,
				C58F56EF28D4948300D41614 /* CustomTabBar.swift */,
				C53D547828D37A20003E188B /* FirstHome.swift */,
				C5DBC54B28D0CC0800364F3E /* Color-Theme.swift */,
				C5DBC54D28D0E0F900364F3E /* RegisterView.swift */,
				C53D546F28D3506E003E188B /* RegistrationDetails.swift */,
				C5DBC54128D0C80B00364F3E /* Assets.xcassets */,
				C53D546728D349DC003E188B /* GoogleService-Info.plist */,
				C5DBC54328D0C80B00364F3E /* Preview Content */,
			);
			path = TrainTracker;
			sourceTree = "<group>";
		};
		C5DBC54328D0C80B00364F3E /* Preview Content */ = {
			isa = PBXGroup;
			children = (
				C5DBC54428D0C80B00364F3E /* Preview Assets.xcassets */,
			);
			path = "Preview Content";
			sourceTree = "<group>";
		};
/* End PBXGroup section */

/* Begin PBXNativeTarget section */
		C5DBC53928D0C80A00364F3E /* TrainTracker */ = {
			isa = PBXNativeTarget;
			buildConfigurationList = C5DBC54828D0C80B00364F3E /* Build configuration list for PBXNativeTarget "TrainTracker" */;
			buildPhases = (
				C5DBC53628D0C80A00364F3E /* Sources */,
				C5DBC53728D0C80A00364F3E /* Frameworks */,
				C5DBC53828D0C80A00364F3E /* Resources */,
			);
			buildRules = (
			);
			dependencies = (
			);
			name = TrainTracker;
			packageProductDependencies = (
				C53D546328D3495F003E188B /* FirebaseAuth */,
				C53D546528D3495F003E188B /* FirebaseFirestore */,
				C53D547628D35BAD003E188B /* FirebaseDatabase */,
			);
			productName = TrainTracker;
			productReference = C5DBC53A28D0C80A00364F3E /* TrainTracker.app */;
			productType = "com.apple.product-type.application";
		};
/* End PBXNativeTarget section */

/* Begin PBXProject section */
		C5DBC53228D0C80A00364F3E /* Project object */ = {
			isa = PBXProject;
			attributes = {
				BuildIndependentTargetsInParallel = 1;
				LastSwiftUpdateCheck = 1340;
				LastUpgradeCheck = 1340;
				TargetAttributes = {
					C5DBC53928D0C80A00364F3E = {
						CreatedOnToolsVersion = 13.4.1;
					};
				};
			};
			buildConfigurationList = C5DBC53528D0C80A00364F3E /* Build configuration list for PBXProject "TrainTracker" */;
			compatibilityVersion = "Xcode 13.0";
			developmentRegion = en;
			hasScannedForEncodings = 0;
			knownRegions = (
				en,
				Base,
			);
			mainGroup = C5DBC53128D0C80A00364F3E;
			packageReferences = (
				C53D546228D3495F003E188B /* XCRemoteSwiftPackageReference "firebase-ios-sdk" */,
				C53D547528D35BAD003E188B /* XCRemoteSwiftPackageReference "firebase-ios-sdk" */,
			);
			productRefGroup = C5DBC53B28D0C80A00364F3E /* Products */;
			projectDirPath = "";
			projectRoot = "";
			targets = (
				C5DBC53928D0C80A00364F3E /* TrainTracker */,
			);
		};
/* End PBXProject section */

/* Begin PBXResourcesBuildPhase section */
		C5DBC53828D0C80A00364F3E /* Resources */ = {
			isa = PBXResourcesBuildPhase;
			buildActionMask = 2147483647;
			files = (
				C5DBC54528D0C80B00364F3E /* Preview Assets.xcassets in Resources */,
				C5DBC54228D0C80B00364F3E /* Assets.xcassets in Resources */,
				C53D546828D349DC003E188B /* GoogleService-Info.plist in Resources */,
			);
			runOnlyForDeploymentPostprocessing = 0;
		};
/* End PBXResourcesBuildPhase section */

/* Begin PBXSourcesBuildPhase section */
		C5DBC53628D0C80A00364F3E /* Sources */ = {
			isa = PBXSourcesBuildPhase;
			buildActionMask = 2147483647;
			files = (
				C5DBC54028D0C80A00364F3E /* ContentView.swift in Sources */,
				C58F56F228D4AAFD00D41614 /* MyTravellings.swift in Sources */,
				C58F56FB28D793CC00D41614 /* MapAndDetailView.swift in Sources */,
				C53D547928D37A20003E188B /* FirstHome.swift in Sources */,
				C58F56FE28D7AFB000D41614 /* MapModel.swift in Sources */,
				C58F570028D7D38300D41614 /* GraphView.swift in Sources */,
				C58F56F528D7587700D41614 /* ReservationDetails.xcdatamodeld in Sources */,
				C5DBC54E28D0E0F900364F3E /* RegisterView.swift in Sources */,
				C5DBC54C28D0CC0800364F3E /* Color-Theme.swift in Sources */,
				C58F56F028D4948300D41614 /* CustomTabBar.swift in Sources */,
				C53D546E28D34FD8003E188B /* MainView.swift in Sources */,
				C5DBC53E28D0C80A00364F3E /* TrainTrackerApp.swift in Sources */,
				C58F56F728D7590300D41614 /* DateController.swift in Sources */,
				C58F56F928D763D900D41614 /* CheckOutView.swift in Sources */,
				C53D547028D3506E003E188B /* RegistrationDetails.swift in Sources */,
			);
			runOnlyForDeploymentPostprocessing = 0;
		};
/* End PBXSourcesBuildPhase section */

/* Begin XCBuildConfiguration section */
		C5DBC54628D0C80B00364F3E /* Debug */ = {
			isa = XCBuildConfiguration;
			buildSettings = {
				ALWAYS_SEARCH_USER_PATHS = NO;
				CLANG_ANALYZER_NONNULL = YES;
				CLANG_ANALYZER_NUMBER_OBJECT_CONVERSION = YES_AGGRESSIVE;
				CLANG_CXX_LANGUAGE_STANDARD = "gnu++17";
				CLANG_ENABLE_MODULES = YES;
				CLANG_ENABLE_OBJC_ARC = YES;
				CLANG_ENABLE_OBJC_WEAK = YES;
				CLANG_WARN_BLOCK_CAPTURE_AUTORELEASING = YES;
				CLANG_WARN_BOOL_CONVERSION = YES;
				CLANG_WARN_COMMA = YES;
				CLANG_WARN_CONSTANT_CONVERSION = YES;
				CLANG_WARN_DEPRECATED_OBJC_IMPLEMENTATIONS = YES;
				CLANG_WARN_DIRECT_OBJC_ISA_USAGE = YES_ERROR;
				CLANG_WARN_DOCUMENTATION_COMMENTS = YES;
				CLANG_WARN_EMPTY_BODY = YES;
				CLANG_WARN_ENUM_CONVERSION = YES;
				CLANG_WARN_INFINITE_RECURSION = YES;
				CLANG_WARN_INT_CONVERSION = YES;
				CLANG_WARN_NON_LITERAL_NULL_CONVERSION = YES;
				CLANG_WARN_OBJC_IMPLICIT_RETAIN_SELF = YES;
				CLANG_WARN_OBJC_LITERAL_CONVERSION = YES;
				CLANG_WARN_OBJC_ROOT_CLASS = YES_ERROR;
				CLANG_WARN_QUOTED_INCLUDE_IN_FRAMEWORK_HEADER = YES;
				CLANG_WARN_RANGE_LOOP_ANALYSIS = YES;
				CLANG_WARN_STRICT_PROTOTYPES = YES;
				CLANG_WARN_SUSPICIOUS_MOVE = YES;
				CLANG_WARN_UNGUARDED_AVAILABILITY = YES_AGGRESSIVE;
				CLANG_WARN_UNREACHABLE_CODE = YES;
				CLANG_WARN__DUPLICATE_METHOD_MATCH = YES;
				COPY_PHASE_STRIP = NO;
				DEBUG_INFORMATION_FORMAT = dwarf;
				ENABLE_STRICT_OBJC_MSGSEND = YES;
				ENABLE_TESTABILITY = YES;
				GCC_C_LANGUAGE_STANDARD = gnu11;
				GCC_DYNAMIC_NO_PIC = NO;
				GCC_NO_COMMON_BLOCKS = YES;
				GCC_OPTIMIZATION_LEVEL = 0;
				GCC_PREPROCESSOR_DEFINITIONS = (
					"DEBUG=1",
					"$(inherited)",
				);
				GCC_WARN_64_TO_32_BIT_CONVERSION = YES;
				GCC_WARN_ABOUT_RETURN_TYPE = YES_ERROR;
				GCC_WARN_UNDECLARED_SELECTOR = YES;
				GCC_WARN_UNINITIALIZED_AUTOS = YES_AGGRESSIVE;
				GCC_WARN_UNUSED_FUNCTION = YES;
				GCC_WARN_UNUSED_VARIABLE = YES;
				IPHONEOS_DEPLOYMENT_TARGET = 15.5;
				MTL_ENABLE_DEBUG_INFO = INCLUDE_SOURCE;
				MTL_FAST_MATH = YES;
				ONLY_ACTIVE_ARCH = YES;
				SDKROOT = iphoneos;
				SWIFT_ACTIVE_COMPILATION_CONDITIONS = DEBUG;
				SWIFT_OPTIMIZATION_LEVEL = "-Onone";
			};
			name = Debug;
		};
		C5DBC54728D0C80B00364F3E /* Release */ = {
			isa = XCBuildConfiguration;
			buildSettings = {
				ALWAYS_SEARCH_USER_PATHS = NO;
				CLANG_ANALYZER_NONNULL = YES;
				CLANG_ANALYZER_NUMBER_OBJECT_CONVERSION = YES_AGGRESSIVE;
				CLANG_CXX_LANGUAGE_STANDARD = "gnu++17";
				CLANG_ENABLE_MODULES = YES;
				CLANG_ENABLE_OBJC_ARC = YES;
				CLANG_ENABLE_OBJC_WEAK = YES;
				CLANG_WARN_BLOCK_CAPTURE_AUTORELEASING = YES;
				CLANG_WARN_BOOL_CONVERSION = YES;
				CLANG_WARN_COMMA = YES;
				CLANG_WARN_CONSTANT_CONVERSION = YES;
				CLANG_WARN_DEPRECATED_OBJC_IMPLEMENTATIONS = YES;
				CLANG_WARN_DIRECT_OBJC_ISA_USAGE = YES_ERROR;
				CLANG_WARN_DOCUMENTATION_COMMENTS = YES;
				CLANG_WARN_EMPTY_BODY = YES;
				CLANG_WARN_ENUM_CONVERSION = YES;
				CLANG_WARN_INFINITE_RECURSION = YES;
				CLANG_WARN_INT_CONVERSION = YES;
				CLANG_WARN_NON_LITERAL_NULL_CONVERSION = YES;
				CLANG_WARN_OBJC_IMPLICIT_RETAIN_SELF = YES;
				CLANG_WARN_OBJC_LITERAL_CONVERSION = YES;
				CLANG_WARN_OBJC_ROOT_CLASS = YES_ERROR;
				CLANG_WARN_QUOTED_INCLUDE_IN_FRAMEWORK_HEADER = YES;
				CLANG_WARN_RANGE_LOOP_ANALYSIS = YES;
				CLANG_WARN_STRICT_PROTOTYPES = YES;
				CLANG_WARN_SUSPICIOUS_MOVE = YES;
				CLANG_WARN_UNGUARDED_AVAILABILITY = YES_AGGRESSIVE;
				CLANG_WARN_UNREACHABLE_CODE = YES;
				CLANG_WARN__DUPLICATE_METHOD_MATCH = YES;
				COPY_PHASE_STRIP = NO;
				DEBUG_INFORMATION_FORMAT = "dwarf-with-dsym";
				ENABLE_NS_ASSERTIONS = NO;
				ENABLE_STRICT_OBJC_MSGSEND = YES;
				GCC_C_LANGUAGE_STANDARD = gnu11;
				GCC_NO_COMMON_BLOCKS = YES;
				GCC_WARN_64_TO_32_BIT_CONVERSION = YES;
				GCC_WARN_ABOUT_RETURN_TYPE = YES_ERROR;
				GCC_WARN_UNDECLARED_SELECTOR = YES;
				GCC_WARN_UNINITIALIZED_AUTOS = YES_AGGRESSIVE;
				GCC_WARN_UNUSED_FUNCTION = YES;
				GCC_WARN_UNUSED_VARIABLE = YES;
				IPHONEOS_DEPLOYMENT_TARGET = 15.5;
				MTL_ENABLE_DEBUG_INFO = NO;
				MTL_FAST_MATH = YES;
				SDKROOT = iphoneos;
				SWIFT_COMPILATION_MODE = wholemodule;
				SWIFT_OPTIMIZATION_LEVEL = "-O";
				VALIDATE_PRODUCT = YES;
			};
			name = Release;
		};
		C5DBC54928D0C80B00364F3E /* Debug */ = {
			isa = XCBuildConfiguration;
			buildSettings = {
				ASSETCATALOG_COMPILER_APPICON_NAME = AppIcon;
				ASSETCATALOG_COMPILER_GLOBAL_ACCENT_COLOR_NAME = AccentColor;
				CODE_SIGN_STYLE = Automatic;
				CURRENT_PROJECT_VERSION = 1;
				DEVELOPMENT_ASSET_PATHS = "\"TrainTracker/Preview Content\"";
				DEVELOPMENT_TEAM = ACST29WRU8;
				ENABLE_PREVIEWS = YES;
				GENERATE_INFOPLIST_FILE = YES;
				INFOPLIST_FILE = TrainTracker/Info.plist;
				INFOPLIST_KEY_UIApplicationSceneManifest_Generation = YES;
				INFOPLIST_KEY_UIApplicationSupportsIndirectInputEvents = YES;
				INFOPLIST_KEY_UILaunchScreen_Generation = YES;
				INFOPLIST_KEY_UISupportedInterfaceOrientations_iPad = "UIInterfaceOrientationPortrait UIInterfaceOrientationPortraitUpsideDown UIInterfaceOrientationLandscapeLeft UIInterfaceOrientationLandscapeRight";
				INFOPLIST_KEY_UISupportedInterfaceOrientations_iPhone = "UIInterfaceOrientationPortrait UIInterfaceOrientationLandscapeLeft UIInterfaceOrientationLandscapeRight";
				LD_RUNPATH_SEARCH_PATHS = (
					"$(inherited)",
					"@executable_path/Frameworks",
				);
				MARKETING_VERSION = 1.0;
				PRODUCT_BUNDLE_IDENTIFIER = com.Miran.TrainTracker;
				PRODUCT_NAME = "$(TARGET_NAME)";
				SWIFT_EMIT_LOC_STRINGS = YES;
				SWIFT_VERSION = 5.0;
				TARGETED_DEVICE_FAMILY = "1,2";
			};
			name = Debug;
		};
		C5DBC54A28D0C80B00364F3E /* Release */ = {
			isa = XCBuildConfiguration;
			buildSettings = {
				ASSETCATALOG_COMPILER_APPICON_NAME = AppIcon;
				ASSETCATALOG_COMPILER_GLOBAL_ACCENT_COLOR_NAME = AccentColor;
				CODE_SIGN_STYLE = Automatic;
				CURRENT_PROJECT_VERSION = 1;
				DEVELOPMENT_ASSET_PATHS = "\"TrainTracker/Preview Content\"";
				DEVELOPMENT_TEAM = ACST29WRU8;
				ENABLE_PREVIEWS = YES;
				GENERATE_INFOPLIST_FILE = YES;
				INFOPLIST_FILE = TrainTracker/Info.plist;
				INFOPLIST_KEY_UIApplicationSceneManifest_Generation = YES;
				INFOPLIST_KEY_UIApplicationSupportsIndirectInputEvents = YES;
				INFOPLIST_KEY_UILaunchScreen_Generation = YES;
				INFOPLIST_KEY_UISupportedInterfaceOrientations_iPad = "UIInterfaceOrientationPortrait UIInterfaceOrientationPortraitUpsideDown UIInterfaceOrientationLandscapeLeft UIInterfaceOrientationLandscapeRight";
				INFOPLIST_KEY_UISupportedInterfaceOrientations_iPhone = "UIInterfaceOrientationPortrait UIInterfaceOrientationLandscapeLeft UIInterfaceOrientationLandscapeRight";
				LD_RUNPATH_SEARCH_PATHS = (
					"$(inherited)",
					"@executable_path/Frameworks",
				);
				MARKETING_VERSION = 1.0;
				PRODUCT_BUNDLE_IDENTIFIER = com.Miran.TrainTracker;
				PRODUCT_NAME = "$(TARGET_NAME)";
				SWIFT_EMIT_LOC_STRINGS = YES;
				SWIFT_VERSION = 5.0;
				TARGETED_DEVICE_FAMILY = "1,2";
			};
			name = Release;
		};
/* End XCBuildConfiguration section */

/* Begin XCConfigurationList section */
		C5DBC53528D0C80A00364F3E /* Build configuration list for PBXProject "TrainTracker" */ = {
			isa = XCConfigurationList;
			buildConfigurations = (
				C5DBC54628D0C80B00364F3E /* Debug */,
				C5DBC54728D0C80B00364F3E /* Release */,
			);
			defaultConfigurationIsVisible = 0;
			defaultConfigurationName = Release;
		};
		C5DBC54828D0C80B00364F3E /* Build configuration list for PBXNativeTarget "TrainTracker" */ = {
			isa = XCConfigurationList;
			buildConfigurations = (
				C5DBC54928D0C80B00364F3E /* Debug */,
				C5DBC54A28D0C80B00364F3E /* Release */,
			);
			defaultConfigurationIsVisible = 0;
			defaultConfigurationName = Release;
		};
/* End XCConfigurationList section */

/* Begin XCRemoteSwiftPackageReference section */
		C53D546228D3495F003E188B /* XCRemoteSwiftPackageReference "firebase-ios-sdk" */ = {
			isa = XCRemoteSwiftPackageReference;
			repositoryURL = "https://github.com/firebase/firebase-ios-sdk.git";
			requirement = {
				kind = upToNextMajorVersion;
				minimumVersion = 9.0.0;
			};
		};
		C53D547528D35BAD003E188B /* XCRemoteSwiftPackageReference "firebase-ios-sdk" */ = {
			isa = XCRemoteSwiftPackageReference;
			repositoryURL = "https://github.com/firebase/firebase-ios-sdk.git";
			requirement = {
				kind = upToNextMajorVersion;
				minimumVersion = 9.0.0;
			};
		};
/* End XCRemoteSwiftPackageReference section */

/* Begin XCSwiftPackageProductDependency section */
		C53D546328D3495F003E188B /* FirebaseAuth */ = {
			isa = XCSwiftPackageProductDependency;
			package = C53D546228D3495F003E188B /* XCRemoteSwiftPackageReference "firebase-ios-sdk" */;
			productName = FirebaseAuth;
		};
		C53D546528D3495F003E188B /* FirebaseFirestore */ = {
			isa = XCSwiftPackageProductDependency;
			package = C53D546228D3495F003E188B /* XCRemoteSwiftPackageReference "firebase-ios-sdk" */;
			productName = FirebaseFirestore;
		};
		C53D547628D35BAD003E188B /* FirebaseDatabase */ = {
			isa = XCSwiftPackageProductDependency;
			package = C53D546228D3495F003E188B /* XCRemoteSwiftPackageReference "firebase-ios-sdk" */;
			productName = FirebaseDatabase;
		};
/* End XCSwiftPackageProductDependency section */

/* Begin XCVersionGroup section */
		C58F56F328D7587600D41614 /* ReservationDetails.xcdatamodeld */ = {
			isa = XCVersionGroup;
			children = (
				C58F56F428D7587700D41614 /* ReservationDetails.xcdatamodel */,
			);
			currentVersion = C58F56F428D7587700D41614 /* ReservationDetails.xcdatamodel */;
			path = ReservationDetails.xcdatamodeld;
			sourceTree = "<group>";
			versionGroupType = wrapper.xcdatamodel;
		};
/* End XCVersionGroup section */
	};
	rootObject = C5DBC53228D0C80A00364F3E /* Project object */;
}
